[io]
sha256 = "62ae80f2e340cddbac8e94f78e6270735aea536367ecb98de5f4ac6aef66b5c4"
sha512 = "a02a1ebd261ae884b0315b3528d1a93819ddc4b616f66c77f2bea9dd1de888208dc3b9004a553363f5e8491ea925d65ebbd0d68eaa87238316b47469a3bf97bb"

[process]
url = "https://github.com/dacchidocchi/wit-process/archive/main.tar.gz"
sha256 = "856535124261ad9c0c31a6796613916e26201e23ce07abf5ce6a47c257595ab9"
sha512 = "191e55bffb64ddc31f5512935194469e7292f0698e702da25048412b1830128d8bb0bbfd9b277cc69038f7935ba24c9cfa2ea8c241f4290136722ffe0ed25ccc"
deps = ["io"]
